
Microsoft Visual Studio Solution File, Format Version 12.00
# Visual Studio Version 16
VisualStudioVersion = 16.0.30225.117
MinimumVisualStudioVersion = 10.0.40219.1
Project("{FAE04EC0-301F-11D3-BF4B-00C04F79EFBC}") = "GoogleSheets", "GoogleSheets\GoogleSheets.csproj", "{0052CBA9-4FD5-4F56-BDBA-9D66142AB464}"
EndProject
Project("{FAE04EC0-301F-11D3-BF4B-00C04F79EFBC}") = "Validator", "Validator\Validator.csproj", "{D7F25BD3-677B-490C-A900-D5250B1167C8}"
EndProject
Project("{9A19103F-16F7-4668-BE54-9A1E7A4F7556}") = "ServiceDirectory.Common", "ServiceDirectory.Common\ServiceDirectory.Common.csproj", "{83055340-FC65-4231-A6D6-0FD17CB5C6C9}"
EndProject
Project("{9A19103F-16F7-4668-BE54-9A1E7A4F7556}") = "ServiceDirectoryValidator", "ServiceDirectoryValidator\ServiceDirectoryValidator.csproj", "{730ABD4C-E12B-4997-ACFD-31298CC06DB7}"
EndProject
Project("{9A19103F-16F7-4668-BE54-9A1E7A4F7556}") = "ServiceDirectoryExporter", "ServiceDirectoryExporter\ServiceDirectoryExporter.csproj", "{C874D71A-5EE2-43B5-854C-F12F25F0CC69}"
EndProject
Project("{9A19103F-16F7-4668-BE54-9A1E7A4F7556}") = "GoogleSheets.Common", "GoogleSheets.Common\GoogleSheets.Common.csproj", "{E481DECE-3E68-4482-ADBE-A624BF0A0C8F}"
EndProject
Project("{9A19103F-16F7-4668-BE54-9A1E7A4F7556}") = "Combiner", "Combiner\Combiner.csproj", "{6DB64168-B936-46B5-9A24-26320C8340B5}"
EndProject
Project("{9A19103F-16F7-4668-BE54-9A1E7A4F7556}") = "ImplementationTools.Tests", "ImplementationTools.Tests\ImplementationTools.Tests.csproj", "{7028B402-A56C-4257-83B3-2DB0148BEB56}"
EndProject
Project("{9A19103F-16F7-4668-BE54-9A1E7A4F7556}") = "Oruk.MultiValidation", "MultiValidation\Oruk.MultiValidation.csproj", "{14339004-9D8D-4FDE-8AEA-4EB9AB5E8C54}"
EndProject
Global
	GlobalSection(SolutionConfigurationPlatforms) = preSolution
		Debug|Any CPU = Debug|Any CPU
		Release|Any CPU = Release|Any CPU
	EndGlobalSection
	GlobalSection(ProjectConfigurationPlatforms) = postSolution
		{0052CBA9-4FD5-4F56-BDBA-9D66142AB464}.Debug|Any CPU.ActiveCfg = Debug|Any CPU
		{0052CBA9-4FD5-4F56-BDBA-9D66142AB464}.Debug|Any CPU.Build.0 = Debug|Any CPU
		{0052CBA9-4FD5-4F56-BDBA-9D66142AB464}.Release|Any CPU.ActiveCfg = Release|Any CPU
		{0052CBA9-4FD5-4F56-BDBA-9D66142AB464}.Release|Any CPU.Build.0 = Release|Any CPU
		{D7F25BD3-677B-490C-A900-D5250B1167C8}.Debug|Any CPU.ActiveCfg = Debug|Any CPU
		{D7F25BD3-677B-490C-A900-D5250B1167C8}.Debug|Any CPU.Build.0 = Debug|Any CPU
		{D7F25BD3-677B-490C-A900-D5250B1167C8}.Release|Any CPU.ActiveCfg = Release|Any CPU
		{D7F25BD3-677B-490C-A900-D5250B1167C8}.Release|Any CPU.Build.0 = Release|Any CPU
		{83055340-FC65-4231-A6D6-0FD17CB5C6C9}.Debug|Any CPU.ActiveCfg = Debug|Any CPU
		{83055340-FC65-4231-A6D6-0FD17CB5C6C9}.Debug|Any CPU.Build.0 = Debug|Any CPU
		{83055340-FC65-4231-A6D6-0FD17CB5C6C9}.Release|Any CPU.ActiveCfg = Release|Any CPU
		{83055340-FC65-4231-A6D6-0FD17CB5C6C9}.Release|Any CPU.Build.0 = Release|Any CPU
		{730ABD4C-E12B-4997-ACFD-31298CC06DB7}.Debug|Any CPU.ActiveCfg = Debug|Any CPU
		{730ABD4C-E12B-4997-ACFD-31298CC06DB7}.Debug|Any CPU.Build.0 = Debug|Any CPU
		{730ABD4C-E12B-4997-ACFD-31298CC06DB7}.Release|Any CPU.ActiveCfg = Release|Any CPU
		{730ABD4C-E12B-4997-ACFD-31298CC06DB7}.Release|Any CPU.Build.0 = Release|Any CPU
		{C874D71A-5EE2-43B5-854C-F12F25F0CC69}.Debug|Any CPU.ActiveCfg = Debug|Any CPU
		{C874D71A-5EE2-43B5-854C-F12F25F0CC69}.Debug|Any CPU.Build.0 = Debug|Any CPU
		{C874D71A-5EE2-43B5-854C-F12F25F0CC69}.Release|Any CPU.ActiveCfg = Release|Any CPU
		{C874D71A-5EE2-43B5-854C-F12F25F0CC69}.Release|Any CPU.Build.0 = Release|Any CPU
		{E481DECE-3E68-4482-ADBE-A624BF0A0C8F}.Debug|Any CPU.ActiveCfg = Debug|Any CPU
		{E481DECE-3E68-4482-ADBE-A624BF0A0C8F}.Debug|Any CPU.Build.0 = Debug|Any CPU
		{E481DECE-3E68-4482-ADBE-A624BF0A0C8F}.Release|Any CPU.ActiveCfg = Release|Any CPU
		{E481DECE-3E68-4482-ADBE-A624BF0A0C8F}.Release|Any CPU.Build.0 = Release|Any CPU
		{6DB64168-B936-46B5-9A24-26320C8340B5}.Debug|Any CPU.ActiveCfg = Debug|Any CPU
		{6DB64168-B936-46B5-9A24-26320C8340B5}.Debug|Any CPU.Build.0 = Debug|Any CPU
		{6DB64168-B936-46B5-9A24-26320C8340B5}.Release|Any CPU.ActiveCfg = Release|Any CPU
		{6DB64168-B936-46B5-9A24-26320C8340B5}.Release|Any CPU.Build.0 = Release|Any CPU
		{7028B402-A56C-4257-83B3-2DB0148BEB56}.Debug|Any CPU.ActiveCfg = Debug|Any CPU
		{7028B402-A56C-4257-83B3-2DB0148BEB56}.Debug|Any CPU.Build.0 = Debug|Any CPU
		{7028B402-A56C-4257-83B3-2DB0148BEB56}.Release|Any CPU.ActiveCfg = Release|Any CPU
		{7028B402-A56C-4257-83B3-2DB0148BEB56}.Release|Any CPU.Build.0 = Release|Any CPU
		{14339004-9D8D-4FDE-8AEA-4EB9AB5E8C54}.Debug|Any CPU.ActiveCfg = Debug|Any CPU
		{14339004-9D8D-4FDE-8AEA-4EB9AB5E8C54}.Debug|Any CPU.Build.0 = Debug|Any CPU
		{14339004-9D8D-4FDE-8AEA-4EB9AB5E8C54}.Release|Any CPU.ActiveCfg = Release|Any CPU
		{14339004-9D8D-4FDE-8AEA-4EB9AB5E8C54}.Release|Any CPU.Build.0 = Release|Any CPU
	EndGlobalSection
	GlobalSection(SolutionProperties) = preSolution
		HideSolutionNode = FALSE
	EndGlobalSection
	GlobalSection(ExtensibilityGlobals) = postSolution
		SolutionGuid = {329A99F7-398D-48C0-A846-A9D6589C7379}
	EndGlobalSection
EndGlobal
